
Microsoft Visual Studio Solution File, Format Version 12.00
# Visual Studio Version 17
VisualStudioVersion = 17.0.31919.166
MinimumVisualStudioVersion = 10.0.40219.1
Project("{FAE04EC0-301F-11D3-BF4B-00C04F79EFBC}") = "SynthRidersModList", "SynthRidersModList.csproj", "{F635F834-B582-4C58-B9E0-F561002D8772}"
EndProject
Global
	GlobalSection(SolutionConfigurationPlatforms) = preSolution
		Debug|Any CPU = Debug|Any CPU
		Release|Any CPU = Release|Any CPU
	EndGlobalSection
	GlobalSection(ProjectConfigurationPlatforms) = postSolution
		{F635F834-B582-4C58-B9E0-F561002D8772}.Debug|Any CPU.ActiveCfg = Debug|Any CPU
		{F635F834-B582-4C58-B9E0-F561002D8772}.Debug|Any CPU.Build.0 = Debug|Any CPU
		{F635F834-B582-4C58-B9E0-F561002D8772}.Release|Any CPU.ActiveCfg = Release|Any CPU
		{F635F834-B582-4C58-B9E0-F561002D8772}.Release|Any CPU.Build.0 = Release|Any CPU
	EndGlobalSection
	GlobalSection(SolutionProperties) = preSolution
		HideSolutionNode = FALSE
	EndGlobalSection
	GlobalSection(ExtensibilityGlobals) = postSolution
		SolutionGuid = {478C62BA-E4F6-4670-8F4F-ACE2236991A4}
	EndGlobalSection
EndGlobal
